
Microsoft Visual Studio Solution File, Format Version 12.00
# Visual Studio 2012
Project("{FAE04EC0-301F-11D3-BF4B-00C04F79EFBC}") = "WindowsFormsApplication2", "WindowsFormsApplication2\WindowsFormsApplication2.csproj", "{8A74B8AE-2433-47D4-BEF6-220B7E64C6C3}"
EndProject
Global
	GlobalSection(SolutionConfigurationPlatforms) = preSolution
		Debug|Any CPU = Debug|Any CPU
		Release|Any CPU = Release|Any CPU
	EndGlobalSection
	GlobalSection(ProjectConfigurationPlatforms) = postSolution
		{8A74B8AE-2433-47D4-BEF6-220B7E64C6C3}.Debug|Any CPU.ActiveCfg = Debug|Any CPU
		{8A74B8AE-2433-47D4-BEF6-220B7E64C6C3}.Debug|Any CPU.Build.0 = Debug|Any CPU
		{8A74B8AE-2433-47D4-BEF6-220B7E64C6C3}.Release|Any CPU.ActiveCfg = Release|Any CPU
		{8A74B8AE-2433-47D4-BEF6-220B7E64C6C3}.Release|Any CPU.Build.0 = Release|Any CPU
	EndGlobalSection
	GlobalSection(SolutionProperties) = preSolution
		HideSolutionNode = FALSE
	EndGlobalSection
EndGlobal
